lockfileVersion: 5.3

specifiers:
  britfone: 100.0.1
  cnd: 9.2.2
  dbay: 0.111.0
  guy: 2.5.0
  intertype: 7.6.7

dependencies:
  britfone: 100.0.1
  cnd: 9.2.2
  guy: 2.5.0
  intertype: 7.6.7

devDependencies:
  dbay: 0.111.0

packages:

  /britfone/100.0.1:
    resolution: {integrity: sha512-9WlxZdL/8uuIWczs5b9Ge61r+xbQlqSKEJzMhLGV6BZuoahOlgX/nS1cSCxJ1uWP5z+5yTAKEbxun1YmU3MAtg==}
    dev: false

  /cnd/9.2.2:
    resolution: {integrity: sha512-F+/H+7luk4fZkvN0+MT0I2nwn80YM/EtfMttNUFxENR50XJH4g0KgQevzeyEJ8B6t6l8Tb4Xti6QAksa8DmePA==}
    hasBin: true
    dependencies:
      jsx-number-format: 0.1.4

  /dbay/0.111.0:
    resolution: {integrity: sha512-j7kP07djrKMmqaM2YRzC/p6dGls9Fn7Tp28thUTx2Z/ugbKt8EysBi/DklVxakF2cATSxFg9XqloeO0yP/sEXg==}
    requiresBuild: true
    dependencies:
      cnd: 9.2.2
      exit-hook: 2.2.1
      guy: 2.5.0
      intertype: 7.6.7
    transitivePeerDependencies:
      - deasync
    dev: true

  /exit-hook/2.2.1:
    resolution: {integrity: sha512-eNTPlAD67BmP31LDINZ3U7HSF8l57TxOY2PmBJ1shpCvpnxBF93mWCE8YHBnXs8qiUZJc9WDcWIeC3a2HIAMfw==}
    engines: {node: '>=6'}
    dev: true

  /guy/2.5.0:
    resolution: {integrity: sha512-H+pVvZdLa7BGmg5M+vPFEgnMD6e+p9zMQVhj7A2dlgQLO+20v23ZpdjAt6c47OfmtXiFZ2dyU4mhRSAv3EJqMg==}
    peerDependencies:
      deasync: ^0.1.22
    dependencies:
      cnd: 9.2.2
      intertype: 7.6.7
      letsfreezethat: 3.1.0

  /intertype/7.6.7:
    resolution: {integrity: sha512-vBgYabqxX3fLa9f0Z3QeXgYszadAGdAHXdLcdQc5ZxZSG5CmbJCdYcudZLYtgmNo8epQag8zzyg7wwx+OD5J8g==}
    dependencies:
      multimix: 5.0.0

  /jsx-number-format/0.1.4:
    resolution: {integrity: sha512-uPc/Q90XqZoRE7Cu1OLFQB2cSrA2Dy8+okzPOtML8vbagNFDSipbndIPme+q0odBjEhL+wf3WH3Wo52was4Tsg==}

  /letsfreezethat/3.1.0:
    resolution: {integrity: sha512-jJ1nvvQi6unW0WifjNPMIb64Byom0EXzSKWFYA++EpyjK3qv1J2pqeSoEJ61tGJoNG0GoNjPoeLYhxW16riZaA==}

  /multimix/5.0.0:
    resolution: {integrity: sha512-N9cdGSDDD7kxOV7R6e4iZqsHTZ4F4iiSDWqMcVqx4gEH6HBtRXav39Gj3fgT1YqvBcwPCQuf0Oa5R2cDaLWK8A==}
